
Microsoft Visual Studio Solution File, Format Version 12.00
# Visual Studio Version 16
VisualStudioVersion = 16.0.32802.440
MinimumVisualStudioVersion = 10.0.40219.1
Project("{FAE04EC0-301F-11D3-BF4B-00C04F79EFBC}") = "MultiDoimentions Arrays", "MultiDoimentions Arrays\MultiDoimentions Arrays.csproj", "{84B92636-E33F-44CA-BACC-528A571F88C0}"
EndProject
Global
	GlobalSection(SolutionConfigurationPlatforms) = preSolution
		Debug|Any CPU = Debug|Any CPU
		Release|Any CPU = Release|Any CPU
	EndGlobalSection
	GlobalSection(ProjectConfigurationPlatforms) = postSolution
		{84B92636-E33F-44CA-BACC-528A571F88C0}.Debug|Any CPU.ActiveCfg = Debug|Any CPU
		{84B92636-E33F-44CA-BACC-528A571F88C0}.Debug|Any CPU.Build.0 = Debug|Any CPU
		{84B92636-E33F-44CA-BACC-528A571F88C0}.Release|Any CPU.ActiveCfg = Release|Any CPU
		{84B92636-E33F-44CA-BACC-528A571F88C0}.Release|Any CPU.Build.0 = Release|Any CPU
	EndGlobalSection
	GlobalSection(SolutionProperties) = preSolution
		HideSolutionNode = FALSE
	EndGlobalSection
	GlobalSection(ExtensibilityGlobals) = postSolution
		SolutionGuid = {164D4FAC-3F9B-457A-B363-4595092B4554}
	EndGlobalSection
EndGlobal
