
Microsoft Visual Studio Solution File, Format Version 12.00
# Visual Studio Version 16
VisualStudioVersion = 16.0.32802.440
MinimumVisualStudioVersion = 10.0.40219.1
Project("{FAE04EC0-301F-11D3-BF4B-00C04F79EFBC}") = "Array", "Array\Array.csproj", "{6F0F5701-20BE-4C8C-BDFB-F84256CE8B8B}"
EndProject
Project("{FAE04EC0-301F-11D3-BF4B-00C04F79EFBC}") = "Array_2", "Array_2\Array_2.csproj", "{96DA4789-28D3-4CE7-8A0B-5F47424484F1}"
EndProject
Global
	GlobalSection(SolutionConfigurationPlatforms) = preSolution
		Debug|Any CPU = Debug|Any CPU
		Release|Any CPU = Release|Any CPU
	EndGlobalSection
	GlobalSection(ProjectConfigurationPlatforms) = postSolution
		{6F0F5701-20BE-4C8C-BDFB-F84256CE8B8B}.Debug|Any CPU.ActiveCfg = Debug|Any CPU
		{6F0F5701-20BE-4C8C-BDFB-F84256CE8B8B}.Debug|Any CPU.Build.0 = Debug|Any CPU
		{6F0F5701-20BE-4C8C-BDFB-F84256CE8B8B}.Release|Any CPU.ActiveCfg = Release|Any CPU
		{6F0F5701-20BE-4C8C-BDFB-F84256CE8B8B}.Release|Any CPU.Build.0 = Release|Any CPU
		{96DA4789-28D3-4CE7-8A0B-5F47424484F1}.Debug|Any CPU.ActiveCfg = Debug|Any CPU
		{96DA4789-28D3-4CE7-8A0B-5F47424484F1}.Debug|Any CPU.Build.0 = Debug|Any CPU
		{96DA4789-28D3-4CE7-8A0B-5F47424484F1}.Release|Any CPU.ActiveCfg = Release|Any CPU
		{96DA4789-28D3-4CE7-8A0B-5F47424484F1}.Release|Any CPU.Build.0 = Release|Any CPU
	EndGlobalSection
	GlobalSection(SolutionProperties) = preSolution
		HideSolutionNode = FALSE
	EndGlobalSection
	GlobalSection(ExtensibilityGlobals) = postSolution
		SolutionGuid = {F3AC4EEE-3E93-42DF-B844-0F5A80E072E7}
	EndGlobalSection
EndGlobal
